// !$*UTF8*$!
{
	archiveVersion = 1;
	classes = {
	};
	objectVersion = 46;
	objects = {

/* Begin PBXBuildFile section */
		B508DE401E7FD80A002FA93C /* MFNetAPIClient.h in Headers */ = {isa = PBXBuildFile; fileRef = B508DE3F1E7FD80A002FA93C /* MFNetAPIClient.h */; settings = {ATTRIBUTES = (Public, ); }; };
		B508DE471E7FD80A002FA93C /* MFNetAPIClient.framework in Frameworks */ = {isa = PBXBuildFile; fileRef = B508DE3C1E7FD80A002FA93C /* MFNetAPIClient.framework */; };
		B508DE4C1E7FD80A002FA93C /* MFNetAPIClientTests.m in Sources */ = {isa = PBXBuildFile; fileRef = B508DE4B1E7FD80A002FA93C /* MFNetAPIClientTests.m */; };
/* End PBXBuildFile section */

/* Begin PBXContainerItemProxy section */
		B508DE481E7FD80A002FA93C /* PBXContainerItemProxy */ = {
			isa = PBXContainerItemProxy;
			containerPortal = B508DE331E7FD80A002FA93C /* Project object */;
			proxyType = 1;
			remoteGlobalIDString = B508DE3B1E7FD80A002FA93C;
			remoteInfo = MFNetAPIClient;
		};
/* End PBXContainerItemProxy section */

/* Begin PBXFileReference section */
		B508DE3C1E7FD80A002FA93C /* MFNetAPIClient.framework */ = {isa = PBXFileReference; explicitFileType = wrapper.framework; includeInIndex = 0; path = MFNetAPIClient.framework; sourceTree = BUILT_PRODUCTS_DIR; };
		B508DE3F1E7FD80A002FA93C /* MFNetAPIClient.h */ = {isa = PBXFileReference; lastKnownFileType = sourcecode.c.h; path = MFNetAPIClient.h; sourceTree = "<group>"; };
		B508DE411E7FD80A002FA93C /* Info.plist */ = {isa = PBXFileReference; lastKnownFileType = text.plist.xml; path = Info.plist; sourceTree = "<group>"; };
		B508DE461E7FD80A002FA93C /* MFNetAPIClientTests.xctest */ = {isa = PBXFileReference; explicitFileType = wrapper.cfbundle; includeInIndex = 0; path = MFNetAPIClientTests.xctest; sourceTree = BUILT_PRODUCTS_DIR; };
		B508DE4B1E7FD80A002FA93C /* MFNetAPIClientTests.m */ = {isa = PBXFileReference; lastKnownFileType = sourcecode.c.objc; path = MFNetAPIClientTests.m; sourceTree = "<group>"; };
		B508DE4D1E7FD80A002FA93C /* Info.plist */ = {isa = PBXFileReference; lastKnownFileType = text.plist.xml; path = Info.plist; sourceTree = "<group>"; };
/* End PBXFileReference section */

/* Begin PBXFrameworksBuildPhase section */
		B508DE381E7FD80A002FA93C /* Frameworks */ = {
			isa = PBXFrameworksBuildPhase;
			buildActionMask = 2147483647;
			files = (
			);
			runOnlyForDeploymentPostprocessing = 0;
		};
		B508DE431E7FD80A002FA93C /* Frameworks */ = {
			isa = PBXFrameworksBuildPhase;
			buildActionMask = 2147483647;
			files = (
				B508DE471E7FD80A002FA93C /* MFNetAPIClient.framework in Frameworks */,
			);
			runOnlyForDeploymentPostprocessing = 0;
		};
/* End PBXFrameworksBuildPhase section */

/* Begin PBXGroup section */
		B508DE321E7FD80A002FA93C = {
			isa = PBXGroup;
			children = (
				B508DE3E1E7FD80A002FA93C /* MFNetAPIClient */,
				B508DE4A1E7FD80A002FA93C /* MFNetAPIClientTests */,
				B508DE3D1E7FD80A002FA93C /* Products */,
			);
			sourceTree = "<group>";
		};
		B508DE3D1E7FD80A002FA93C /* Products */ = {
			isa = PBXGroup;
			children = (
				B508DE3C1E7FD80A002FA93C /* MFNetAPIClient.framework */,
				B508DE461E7FD80A002FA93C /* MFNetAPIClientTests.xctest */,
			);
			name = Products;
			sourceTree = "<group>";
		};
		B508DE3E1E7FD80A002FA93C /* MFNetAPIClient */ = {
			isa = PBXGroup;
			children = (
				B508DE3F1E7FD80A002FA93C /* MFNetAPIClient.h */,
				B508DE411E7FD80A002FA93C /* Info.plist */,
			);
			path = MFNetAPIClient;
			sourceTree = "<group>";
		};
		B508DE4A1E7FD80A002FA93C /* MFNetAPIClientTests */ = {
			isa = PBXGroup;
			children = (
				B508DE4B1E7FD80A002FA93C /* MFNetAPIClientTests.m */,
				B508DE4D1E7FD80A002FA93C /* Info.plist */,
			);
			path = MFNetAPIClientTests;
			sourceTree = "<group>";
		};
/* End PBXGroup section */

/* Begin PBXHeadersBuildPhase section */
		B508DE391E7FD80A002FA93C /* Headers */ = {
			isa = PBXHeadersBuildPhase;
			buildActionMask = 2147483647;
			files = (
				B508DE401E7FD80A002FA93C /* MFNetAPIClient.h in Headers */,
			);
			runOnlyForDeploymentPostprocessing = 0;
		};
/* End PBXHeadersBuildPhase section */

/* Begin PBXNativeTarget section */
		B508DE3B1E7FD80A002FA93C /* MFNetAPIClient */ = {
			isa = PBXNativeTarget;
			buildConfigurationList = B508DE501E7FD80A002FA93C /* Build configuration list for PBXNativeTarget "MFNetAPIClient" */;
			buildPhases = (
				B508DE371E7FD80A002FA93C /* Sources */,
				B508DE381E7FD80A002FA93C /* Frameworks */,
				B508DE391E7FD80A002FA93C /* Headers */,
				B508DE3A1E7FD80A002FA93C /* Resources */,
			);
			buildRules = (
			);
			dependencies = (
			);
			name = MFNetAPIClient;
			productName = MFNetAPIClient;
			productReference = B508DE3C1E7FD80A002FA93C /* MFNetAPIClient.framework */;
			productType = "com.apple.product-type.framework";
		};
		B508DE451E7FD80A002FA93C /* MFNetAPIClientTests */ = {
			isa = PBXNativeTarget;
			buildConfigurationList = B508DE531E7FD80A002FA93C /* Build configuration list for PBXNativeTarget "MFNetAPIClientTests" */;
			buildPhases = (
				B508DE421E7FD80A002FA93C /* Sources */,
				B508DE431E7FD80A002FA93C /* Frameworks */,
				B508DE441E7FD80A002FA93C /* Resources */,
			);
			buildRules = (
			);
			dependencies = (
				B508DE491E7FD80A002FA93C /* PBXTargetDependency */,
			);
			name = MFNetAPIClientTests;
			productName = MFNetAPIClientTests;
			productReference = B508DE461E7FD80A002FA93C /* MFNetAPIClientTests.xctest */;
			productType = "com.apple.product-type.bundle.unit-test";
		};
/* End PBXNativeTarget section */

/* Begin PBXProject section */
		B508DE331E7FD80A002FA93C /* Project object */ = {
			isa = PBXProject;
			attributes = {
				LastUpgradeCheck = 0730;
				ORGANIZATIONNAME = bjdv;
				TargetAttributes = {
					B508DE3B1E7FD80A002FA93C = {
						CreatedOnToolsVersion = 7.3.1;
					};
					B508DE451E7FD80A002FA93C = {
						CreatedOnToolsVersion = 7.3.1;
					};
				};
			};
			buildConfigurationList = B508DE361E7FD80A002FA93C /* Build configuration list for PBXProject "MFNetAPIClient" */;
			compatibilityVersion = "Xcode 3.2";
			developmentRegion = English;
			hasScannedForEncodings = 0;
			knownRegions = (
				en,
			);
			mainGroup = B508DE321E7FD80A002FA93C;
			productRefGroup = B508DE3D1E7FD80A002FA93C /* Products */;
			projectDirPath = "";
			projectRoot = "";
			targets = (
				B508DE3B1E7FD80A002FA93C /* MFNetAPIClient */,
				B508DE451E7FD80A002FA93C /* MFNetAPIClientTests */,
			);
		};
/* End PBXProject section */

/* Begin PBXResourcesBuildPhase section */
		B508DE3A1E7FD80A002FA93C /* Resources */ = {
			isa = PBXResourcesBuildPhase;
			buildActionMask = 2147483647;
			files = (
			);
			runOnlyForDeploymentPostprocessing = 0;
		};
		B508DE441E7FD80A002FA93C /* Resources */ = {
			isa = PBXResourcesBuildPhase;
			buildActionMask = 2147483647;
			files = (
			);
			runOnlyForDeploymentPostprocessing = 0;
		};
/* End PBXResourcesBuildPhase section */

/* Begin PBXSourcesBuildPhase section */
		B508DE371E7FD80A002FA93C /* Sources */ = {
			isa = PBXSourcesBuildPhase;
			buildActionMask = 2147483647;
			files = (
			);
			runOnlyForDeploymentPostprocessing = 0;
		};
		B508DE421E7FD80A002FA93C /* Sources */ = {
			isa = PBXSourcesBuildPhase;
			buildActionMask = 2147483647;
			files = (
				B508DE4C1E7FD80A002FA93C /* MFNetAPIClientTests.m in Sources */,
			);
			runOnlyForDeploymentPostprocessing = 0;
		};
/* End PBXSourcesBuildPhase section */

/* Begin PBXTargetDependency section */
		B508DE491E7FD80A002FA93C /* PBXTargetDependency */ = {
			isa = PBXTargetDependency;
			target = B508DE3B1E7FD80A002FA93C /* MFNetAPIClient */;
			targetProxy = B508DE481E7FD80A002FA93C /* PBXContainerItemProxy */;
		};
/* End PBXTargetDependency section */

/* Begin XCBuildConfiguration section */
		B508DE4E1E7FD80A002FA93C /* Debug */ = {
			isa = XCBuildConfiguration;
			buildSettings = {
				ALWAYS_SEARCH_USER_PATHS = NO;
				CLANG_ANALYZER_NONNULL = YES;
				CLANG_CXX_LANGUAGE_STANDARD = "gnu++0x";
				CLANG_CXX_LIBRARY = "libc++";
				CLANG_ENABLE_MODULES = YES;
				CLANG_ENABLE_OBJC_ARC = YES;
				CLANG_WARN_BOOL_CONVERSION = YES;
				CLANG_WARN_CONSTANT_CONVERSION = YES;
				CLANG_WARN_DIRECT_OBJC_ISA_USAGE = YES_ERROR;
				CLANG_WARN_EMPTY_BODY = YES;
				CLANG_WARN_ENUM_CONVERSION = YES;
				CLANG_WARN_INT_CONVERSION = YES;
				CLANG_WARN_OBJC_ROOT_CLASS = YES_ERROR;
				CLANG_WARN_UNREACHABLE_CODE = YES;
				CLANG_WARN__DUPLICATE_METHOD_MATCH = YES;
				"CODE_SIGN_IDENTITY[sdk=iphoneos*]" = "iPhone Developer";
				COPY_PHASE_STRIP = NO;
				CURRENT_PROJECT_VERSION = 1;
				DEBUG_INFORMATION_FORMAT = dwarf;
				ENABLE_STRICT_OBJC_MSGSEND = YES;
				ENABLE_TESTABILITY = YES;
				GCC_C_LANGUAGE_STANDARD = gnu99;
				GCC_DYNAMIC_NO_PIC = NO;
				GCC_NO_COMMON_BLOCKS = YES;
				GCC_OPTIMIZATION_LEVEL = 0;
				GCC_PREPROCESSOR_DEFINITIONS = (
					"DEBUG=1",
					"$(inherited)",
				);
				GCC_WARN_64_TO_32_BIT_CONVERSION = YES;
				GCC_WARN_ABOUT_RETURN_TYPE = YES_ERROR;
				GCC_WARN_UNDECLARED_SELECTOR = YES;
				GCC_WARN_UNINITIALIZED_AUTOS = YES_AGGRESSIVE;
				GCC_WARN_UNUSED_FUNCTION = YES;
				GCC_WARN_UNUSED_VARIABLE = YES;
				IPHONEOS_DEPLOYMENT_TARGET = 9.3;
				MTL_ENABLE_DEBUG_INFO = YES;
				ONLY_ACTIVE_ARCH = YES;
				SDKROOT = iphoneos;
				TARGETED_DEVICE_FAMILY = "1,2";
				VERSIONING_SYSTEM = "apple-generic";
				VERSION_INFO_PREFIX = "";
			};
			name = Debug;
		};
		B508DE4F1E7FD80A002FA93C /* Release */ = {
			isa = XCBuildConfiguration;
			buildSettings = {
				ALWAYS_SEARCH_USER_PATHS = NO;
				CLANG_ANALYZER_NONNULL = YES;
				CLANG_CXX_LANGUAGE_STANDARD = "gnu++0x";
				CLANG_CXX_LIBRARY = "libc++";
				CLANG_ENABLE_MODULES = YES;
				CLANG_ENABLE_OBJC_ARC = YES;
				CLANG_WARN_BOOL_CONVERSION = YES;
				CLANG_WARN_CONSTANT_CONVERSION = YES;
				CLANG_WARN_DIRECT_OBJC_ISA_USAGE = YES_ERROR;
				CLANG_WARN_EMPTY_BODY = YES;
				CLANG_WARN_ENUM_CONVERSION = YES;
				CLANG_WARN_INT_CONVERSION = YES;
				CLANG_WARN_OBJC_ROOT_CLASS = YES_ERROR;
				CLANG_WARN_UNREACHABLE_CODE = YES;
				CLANG_WARN__DUPLICATE_METHOD_MATCH = YES;
				"CODE_SIGN_IDENTITY[sdk=iphoneos*]" = "iPhone Developer";
				COPY_PHASE_STRIP = NO;
				CURRENT_PROJECT_VERSION = 1;
				DEBUG_INFORMATION_FORMAT = "dwarf-with-dsym";
				ENABLE_NS_ASSERTIONS = NO;
				ENABLE_STRICT_OBJC_MSGSEND = YES;
				GCC_C_LANGUAGE_STANDARD = gnu99;
				GCC_NO_COMMON_BLOCKS = YES;
				GCC_WARN_64_TO_32_BIT_CONVERSION = YES;
				GCC_WARN_ABOUT_RETURN_TYPE = YES_ERROR;
				GCC_WARN_UNDECLARED_SELECTOR = YES;
				GCC_WARN_UNINITIALIZED_AUTOS = YES_AGGRESSIVE;
				GCC_WARN_UNUSED_FUNCTION = YES;
				GCC_WARN_UNUSED_VARIABLE = YES;
				IPHONEOS_DEPLOYMENT_TARGET = 9.3;
				MTL_ENABLE_DEBUG_INFO = NO;
				SDKROOT = iphoneos;
				TARGETED_DEVICE_FAMILY = "1,2";
				VALIDATE_PRODUCT = YES;
				VERSIONING_SYSTEM = "apple-generic";
				VERSION_INFO_PREFIX = "";
			};
			name = Release;
		};
		B508DE511E7FD80A002FA93C /* Debug */ = {
			isa = XCBuildConfiguration;
			buildSettings = {
				DEFINES_MODULE = YES;
				DYLIB_COMPATIBILITY_VERSION = 1;
				DYLIB_CURRENT_VERSION = 1;
				DYLIB_INSTALL_NAME_BASE = "@rpath";
				INFOPLIST_FILE = MFNetAPIClient/Info.plist;
				INSTALL_PATH = "$(LOCAL_LIBRARY_DIR)/Frameworks";
				LD_RUNPATH_SEARCH_PATHS = "$(inherited) @executable_path/Frameworks @loader_path/Frameworks";
				PRODUCT_BUNDLE_IDENTIFIER = com.bjdv.MFNetAPIClient;
				PRODUCT_NAME = "$(TARGET_NAME)";
				SKIP_INSTALL = YES;
			};
			name = Debug;
		};
		B508DE521E7FD80A002FA93C /* Release */ = {
			isa = XCBuildConfiguration;
			buildSettings = {
				DEFINES_MODULE = YES;
				DYLIB_COMPATIBILITY_VERSION = 1;
				DYLIB_CURRENT_VERSION = 1;
				DYLIB_INSTALL_NAME_BASE = "@rpath";
				INFOPLIST_FILE = MFNetAPIClient/Info.plist;
				INSTALL_PATH = "$(LOCAL_LIBRARY_DIR)/Frameworks";
				LD_RUNPATH_SEARCH_PATHS = "$(inherited) @executable_path/Frameworks @loader_path/Frameworks";
				PRODUCT_BUNDLE_IDENTIFIER = com.bjdv.MFNetAPIClient;
				PRODUCT_NAME = "$(TARGET_NAME)";
				SKIP_INSTALL = YES;
			};
			name = Release;
		};
		B508DE541E7FD80A002FA93C /* Debug */ = {
			isa = XCBuildConfiguration;
			buildSettings = {
				INFOPLIST_FILE = MFNetAPIClientTests/Info.plist;
				LD_RUNPATH_SEARCH_PATHS = "$(inherited) @executable_path/Frameworks @loader_path/Frameworks";
				PRODUCT_BUNDLE_IDENTIFIER = com.bjdv.MFNetAPIClientTests;
				PRODUCT_NAME = "$(TARGET_NAME)";
			};
			name = Debug;
		};
		B508DE551E7FD80A002FA93C /* Release */ = {
			isa = XCBuildConfiguration;
			buildSettings = {
				INFOPLIST_FILE = MFNetAPIClientTests/Info.plist;
				LD_RUNPATH_SEARCH_PATHS = "$(inherited) @executable_path/Frameworks @loader_path/Frameworks";
				PRODUCT_BUNDLE_IDENTIFIER = com.bjdv.MFNetAPIClientTests;
				PRODUCT_NAME = "$(TARGET_NAME)";
			};
			name = Release;
		};
/* End XCBuildConfiguration section */

/* Begin XCConfigurationList section */
		B508DE361E7FD80A002FA93C /* Build configuration list for PBXProject "MFNetAPIClient" */ = {
			isa = XCConfigurationList;
			buildConfigurations = (
				B508DE4E1E7FD80A002FA93C /* Debug */,
				B508DE4F1E7FD80A002FA93C /* Release */,
			);
			defaultConfigurationIsVisible = 0;
			defaultConfigurationName = Release;
		};
		B508DE501E7FD80A002FA93C /* Build configuration list for PBXNativeTarget "MFNetAPIClient" */ = {
			isa = XCConfigurationList;
			buildConfigurations = (
				B508DE511E7FD80A002FA93C /* Debug */,
				B508DE521E7FD80A002FA93C /* Release */,
			);
			defaultConfigurationIsVisible = 0;
		};
		B508DE531E7FD80A002FA93C /* Build configuration list for PBXNativeTarget "MFNetAPIClientTests" */ = {
			isa = XCConfigurationList;
			buildConfigurations = (
				B508DE541E7FD80A002FA93C /* Debug */,
				B508DE551E7FD80A002FA93C /* Release */,
			);
			defaultConfigurationIsVisible = 0;
		};
/* End XCConfigurationList section */
	};
	rootObject = B508DE331E7FD80A002FA93C /* Project object */;
}
